// !$*UTF8*$!
{
	archiveVersion = 1;
	classes = {
	};
	objectVersion = 56;
	objects = {

/* Begin PBXBuildFile section */
		4A60F71C29D7367900DEE86F /* TogetHomeExperimentApp.swift in Sources */ = {isa = PBXBuildFile; fileRef = 4A60F71B29D7367900DEE86F /* TogetHomeExperimentApp.swift */; };
		4A60F71E29D7367900DEE86F /* ContentView.swift in Sources */ = {isa = PBXBuildFile; fileRef = 4A60F71D29D7367900DEE86F /* ContentView.swift */; };
		4A60F72029D7367A00DEE86F /* Assets.xcassets in Resources */ = {isa = PBXBuildFile; fileRef = 4A60F71F29D7367A00DEE86F /* Assets.xcassets */; };
		4A60F72329D7367A00DEE86F /* Preview Assets.xcassets in Resources */ = {isa = PBXBuildFile; fileRef = 4A60F72229D7367A00DEE86F /* Preview Assets.xcassets */; };
		4A60F72A29D73F0900DEE86F /* HomeView.swift in Sources */ = {isa = PBXBuildFile; fileRef = 4A60F72929D73F0900DEE86F /* HomeView.swift */; };
		4A60F72C29D73FF800DEE86F /* BeaconView.swift in Sources */ = {isa = PBXBuildFile; fileRef = 4A60F72B29D73FF800DEE86F /* BeaconView.swift */; };
		4A60F72E29D7400A00DEE86F /* ConnectionView.swift in Sources */ = {isa = PBXBuildFile; fileRef = 4A60F72D29D7400A00DEE86F /* ConnectionView.swift */; };
		4A60F73029D740BC00DEE86F /* SettingsView.swift in Sources */ = {isa = PBXBuildFile; fileRef = 4A60F72F29D740BC00DEE86F /* SettingsView.swift */; };
		4AD2324D29D819A3000D3A9B /* SplashScreenView.swift in Sources */ = {isa = PBXBuildFile; fileRef = 4AD2324C29D819A3000D3A9B /* SplashScreenView.swift */; };
		4AD2325F29D8630C000D3A9B /* SamsungOneKorean-200.ttf in Resources */ = {isa = PBXBuildFile; fileRef = 4AD2325C29D81E6C000D3A9B /* SamsungOneKorean-200.ttf */; };
		4AD2326029D86311000D3A9B /* SamsungOneKorean-300.ttf in Resources */ = {isa = PBXBuildFile; fileRef = 4AD2325929D81E6B000D3A9B /* SamsungOneKorean-300.ttf */; };
		4AD2326129D86314000D3A9B /* SamsungOneKorean-400.ttf in Resources */ = {isa = PBXBuildFile; fileRef = 4AD2325B29D81E6C000D3A9B /* SamsungOneKorean-400.ttf */; };
		4AD2326229D86317000D3A9B /* SamsungOneKorean-600.ttf in Resources */ = {isa = PBXBuildFile; fileRef = 4AD2325D29D81E6D000D3A9B /* SamsungOneKorean-600.ttf */; };
		4AD2326329D8631A000D3A9B /* SamsungOneKorean-700.ttf in Resources */ = {isa = PBXBuildFile; fileRef = 4AD2325A29D81E6B000D3A9B /* SamsungOneKorean-700.ttf */; };
/* End PBXBuildFile section */

/* Begin PBXFileReference section */
		4A60F71829D7367900DEE86F /* TogetHomeExperiment.app */ = {isa = PBXFileReference; explicitFileType = wrapper.application; includeInIndex = 0; path = TogetHomeExperiment.app; sourceTree = BUILT_PRODUCTS_DIR; };
		4A60F71B29D7367900DEE86F /* TogetHomeExperimentApp.swift */ = {isa = PBXFileReference; lastKnownFileType = sourcecode.swift; path = TogetHomeExperimentApp.swift; sourceTree = "<group>"; };
		4A60F71D29D7367900DEE86F /* ContentView.swift */ = {isa = PBXFileReference; lastKnownFileType = sourcecode.swift; path = ContentView.swift; sourceTree = "<group>"; };
		4A60F71F29D7367A00DEE86F /* Assets.xcassets */ = {isa = PBXFileReference; lastKnownFileType = folder.assetcatalog; path = Assets.xcassets; sourceTree = "<group>"; };
		4A60F72229D7367A00DEE86F /* Preview Assets.xcassets */ = {isa = PBXFileReference; lastKnownFileType = folder.assetcatalog; path = "Preview Assets.xcassets"; sourceTree = "<group>"; };
		4A60F72929D73F0900DEE86F /* HomeView.swift */ = {isa = PBXFileReference; lastKnownFileType = sourcecode.swift; path = HomeView.swift; sourceTree = "<group>"; };
		4A60F72B29D73FF800DEE86F /* BeaconView.swift */ = {isa = PBXFileReference; lastKnownFileType = sourcecode.swift; path = BeaconView.swift; sourceTree = "<group>"; };
		4A60F72D29D7400A00DEE86F /* ConnectionView.swift */ = {isa = PBXFileReference; lastKnownFileType = sourcecode.swift; path = ConnectionView.swift; sourceTree = "<group>"; };
		4A60F72F29D740BC00DEE86F /* SettingsView.swift */ = {isa = PBXFileReference; lastKnownFileType = sourcecode.swift; path = SettingsView.swift; sourceTree = "<group>"; };
		4AD2324C29D819A3000D3A9B /* SplashScreenView.swift */ = {isa = PBXFileReference; lastKnownFileType = sourcecode.swift; path = SplashScreenView.swift; sourceTree = "<group>"; };
		4AD2325929D81E6B000D3A9B /* SamsungOneKorean-300.ttf */ = {isa = PBXFileReference; lastKnownFileType = file; path = "SamsungOneKorean-300.ttf"; sourceTree = "<group>"; };
		4AD2325A29D81E6B000D3A9B /* SamsungOneKorean-700.ttf */ = {isa = PBXFileReference; lastKnownFileType = file; path = "SamsungOneKorean-700.ttf"; sourceTree = "<group>"; };
		4AD2325B29D81E6C000D3A9B /* SamsungOneKorean-400.ttf */ = {isa = PBXFileReference; lastKnownFileType = file; path = "SamsungOneKorean-400.ttf"; sourceTree = "<group>"; };
		4AD2325C29D81E6C000D3A9B /* SamsungOneKorean-200.ttf */ = {isa = PBXFileReference; lastKnownFileType = file; path = "SamsungOneKorean-200.ttf"; sourceTree = "<group>"; };
		4AD2325D29D81E6D000D3A9B /* SamsungOneKorean-600.ttf */ = {isa = PBXFileReference; lastKnownFileType = file; path = "SamsungOneKorean-600.ttf"; sourceTree = "<group>"; };
/* End PBXFileReference section */

/* Begin PBXFrameworksBuildPhase section */
		4A60F71529D7367900DEE86F /* Frameworks */ = {
			isa = PBXFrameworksBuildPhase;
			buildActionMask = 2147483647;
			files = (
			);
			runOnlyForDeploymentPostprocessing = 0;
		};
/* End PBXFrameworksBuildPhase section */

/* Begin PBXGroup section */
		4A60F70F29D7367900DEE86F = {
			isa = PBXGroup;
			children = (
				4A60F71A29D7367900DEE86F /* TogetHomeExperiment */,
				4A60F71929D7367900DEE86F /* Products */,
			);
			sourceTree = "<group>";
		};
		4A60F71929D7367900DEE86F /* Products */ = {
			isa = PBXGroup;
			children = (
				4A60F71829D7367900DEE86F /* TogetHomeExperiment.app */,
			);
			name = Products;
			sourceTree = "<group>";
		};
		4A60F71A29D7367900DEE86F /* TogetHomeExperiment */ = {
			isa = PBXGroup;
			children = (
				4A60F71B29D7367900DEE86F /* TogetHomeExperimentApp.swift */,
				4A60F71D29D7367900DEE86F /* ContentView.swift */,
				4A60F72929D73F0900DEE86F /* HomeView.swift */,
				4A60F72B29D73FF800DEE86F /* BeaconView.swift */,
				4A60F72D29D7400A00DEE86F /* ConnectionView.swift */,
				4A60F72F29D740BC00DEE86F /* SettingsView.swift */,
				4AD2324C29D819A3000D3A9B /* SplashScreenView.swift */,
				4A60F71F29D7367A00DEE86F /* Assets.xcassets */,
				4AD2324E29D81E42000D3A9B /* Fonts */,
				4A60F72129D7367A00DEE86F /* Preview Content */,
			);
			path = TogetHomeExperiment;
			sourceTree = "<group>";
		};
		4A60F72129D7367A00DEE86F /* Preview Content */ = {
			isa = PBXGroup;
			children = (
				4A60F72229D7367A00DEE86F /* Preview Assets.xcassets */,
			);
			path = "Preview Content";
			sourceTree = "<group>";
		};
		4AD2324E29D81E42000D3A9B /* Fonts */ = {
			isa = PBXGroup;
			children = (
				4AD2325C29D81E6C000D3A9B /* SamsungOneKorean-200.ttf */,
				4AD2325929D81E6B000D3A9B /* SamsungOneKorean-300.ttf */,
				4AD2325B29D81E6C000D3A9B /* SamsungOneKorean-400.ttf */,
				4AD2325D29D81E6D000D3A9B /* SamsungOneKorean-600.ttf */,
				4AD2325A29D81E6B000D3A9B /* SamsungOneKorean-700.ttf */,
			);
			path = Fonts;
			sourceTree = "<group>";
		};
/* End PBXGroup section */

/* Begin PBXNativeTarget section */
		4A60F71729D7367900DEE86F /* TogetHomeExperiment */ = {
			isa = PBXNativeTarget;
			buildConfigurationList = 4A60F72629D7367A00DEE86F /* Build configuration list for PBXNativeTarget "TogetHomeExperiment" */;
			buildPhases = (
				4A60F71429D7367900DEE86F /* Sources */,
				4A60F71529D7367900DEE86F /* Frameworks */,
				4A60F71629D7367900DEE86F /* Resources */,
			);
			buildRules = (
			);
			dependencies = (
			);
			name = TogetHomeExperiment;
			productName = TogetHomeExperiment;
			productReference = 4A60F71829D7367900DEE86F /* TogetHomeExperiment.app */;
			productType = "com.apple.product-type.application";
		};
/* End PBXNativeTarget section */

/* Begin PBXProject section */
		4A60F71029D7367900DEE86F /* Project object */ = {
			isa = PBXProject;
			attributes = {
				BuildIndependentTargetsInParallel = 1;
				LastSwiftUpdateCheck = 1420;
				LastUpgradeCheck = 1420;
				TargetAttributes = {
					4A60F71729D7367900DEE86F = {
						CreatedOnToolsVersion = 14.2;
					};
				};
			};
			buildConfigurationList = 4A60F71329D7367900DEE86F /* Build configuration list for PBXProject "TogetHomeExperiment" */;
			compatibilityVersion = "Xcode 14.0";
			developmentRegion = en;
			hasScannedForEncodings = 0;
			knownRegions = (
				en,
				Base,
			);
			mainGroup = 4A60F70F29D7367900DEE86F;
			productRefGroup = 4A60F71929D7367900DEE86F /* Products */;
			projectDirPath = "";
			projectRoot = "";
			targets = (
				4A60F71729D7367900DEE86F /* TogetHomeExperiment */,
			);
		};
/* End PBXProject section */

/* Begin PBXResourcesBuildPhase section */
		4A60F71629D7367900DEE86F /* Resources */ = {
			isa = PBXResourcesBuildPhase;
			buildActionMask = 2147483647;
			files = (
				4AD2326329D8631A000D3A9B /* SamsungOneKorean-700.ttf in Resources */,
				4AD2326229D86317000D3A9B /* SamsungOneKorean-600.ttf in Resources */,
				4AD2326129D86314000D3A9B /* SamsungOneKorean-400.ttf in Resources */,
				4AD2326029D86311000D3A9B /* SamsungOneKorean-300.ttf in Resources */,
				4AD2325F29D8630C000D3A9B /* SamsungOneKorean-200.ttf in Resources */,
				4A60F72329D7367A00DEE86F /* Preview Assets.xcassets in Resources */,
				4A60F72029D7367A00DEE86F /* Assets.xcassets in Resources */,
			);
			runOnlyForDeploymentPostprocessing = 0;
		};
/* End PBXResourcesBuildPhase section */

/* Begin PBXSourcesBuildPhase section */
		4A60F71429D7367900DEE86F /* Sources */ = {
			isa = PBXSourcesBuildPhase;
			buildActionMask = 2147483647;
			files = (
				4AD2324D29D819A3000D3A9B /* SplashScreenView.swift in Sources */,
				4A60F72A29D73F0900DEE86F /* HomeView.swift in Sources */,
				4A60F72E29D7400A00DEE86F /* ConnectionView.swift in Sources */,
				4A60F71E29D7367900DEE86F /* ContentView.swift in Sources */,
				4A60F73029D740BC00DEE86F /* SettingsView.swift in Sources */,
				4A60F72C29D73FF800DEE86F /* BeaconView.swift in Sources */,
				4A60F71C29D7367900DEE86F /* TogetHomeExperimentApp.swift in Sources */,
			);
			runOnlyForDeploymentPostprocessing = 0;
		};
/* End PBXSourcesBuildPhase section */

/* Begin XCBuildConfiguration section */
		4A60F72429D7367A00DEE86F /* Debug */ = {
			isa = XCBuildConfiguration;
			buildSettings = {
				ALWAYS_SEARCH_USER_PATHS = NO;
				CLANG_ANALYZER_NONNULL = YES;
				CLANG_ANALYZER_NUMBER_OBJECT_CONVERSION = YES_AGGRESSIVE;
				CLANG_CXX_LANGUAGE_STANDARD = "gnu++20";
				CLANG_ENABLE_MODULES = YES;
				CLANG_ENABLE_OBJC_ARC = YES;
				CLANG_ENABLE_OBJC_WEAK = YES;
				CLANG_WARN_BLOCK_CAPTURE_AUTORELEASING = YES;
				CLANG_WARN_BOOL_CONVERSION = YES;
				CLANG_WARN_COMMA = YES;
				CLANG_WARN_CONSTANT_CONVERSION = YES;
				CLANG_WARN_DEPRECATED_OBJC_IMPLEMENTATIONS = YES;
				CLANG_WARN_DIRECT_OBJC_ISA_USAGE = YES_ERROR;
				CLANG_WARN_DOCUMENTATION_COMMENTS = YES;
				CLANG_WARN_EMPTY_BODY = YES;
				CLANG_WARN_ENUM_CONVERSION = YES;
				CLANG_WARN_INFINITE_RECURSION = YES;
				CLANG_WARN_INT_CONVERSION = YES;
				CLANG_WARN_NON_LITERAL_NULL_CONVERSION = YES;
				CLANG_WARN_OBJC_IMPLICIT_RETAIN_SELF = YES;
				CLANG_WARN_OBJC_LITERAL_CONVERSION = YES;
				CLANG_WARN_OBJC_ROOT_CLASS = YES_ERROR;
				CLANG_WARN_QUOTED_INCLUDE_IN_FRAMEWORK_HEADER = YES;
				CLANG_WARN_RANGE_LOOP_ANALYSIS = YES;
				CLANG_WARN_STRICT_PROTOTYPES = YES;
				CLANG_WARN_SUSPICIOUS_MOVE = YES;
				CLANG_WARN_UNGUARDED_AVAILABILITY = YES_AGGRESSIVE;
				CLANG_WARN_UNREACHABLE_CODE = YES;
				CLANG_WARN__DUPLICATE_METHOD_MATCH = YES;
				COPY_PHASE_STRIP = NO;
				DEBUG_INFORMATION_FORMAT = dwarf;
				ENABLE_STRICT_OBJC_MSGSEND = YES;
				ENABLE_TESTABILITY = YES;
				GCC_C_LANGUAGE_STANDARD = gnu11;
				GCC_DYNAMIC_NO_PIC = NO;
				GCC_NO_COMMON_BLOCKS = YES;
				GCC_OPTIMIZATION_LEVEL = 0;
				GCC_PREPROCESSOR_DEFINITIONS = (
					"DEBUG=1",
					"$(inherited)",
				);
				GCC_WARN_64_TO_32_BIT_CONVERSION = YES;
				GCC_WARN_ABOUT_RETURN_TYPE = YES_ERROR;
				GCC_WARN_UNDECLARED_SELECTOR = YES;
				GCC_WARN_UNINITIALIZED_AUTOS = YES_AGGRESSIVE;
				GCC_WARN_UNUSED_FUNCTION = YES;
				GCC_WARN_UNUSED_VARIABLE = YES;
				IPHONEOS_DEPLOYMENT_TARGET = 16.4;
				MTL_ENABLE_DEBUG_INFO = INCLUDE_SOURCE;
				MTL_FAST_MATH = YES;
				ONLY_ACTIVE_ARCH = YES;
				SDKROOT = iphoneos;
				SWIFT_ACTIVE_COMPILATION_CONDITIONS = DEBUG;
				SWIFT_OPTIMIZATION_LEVEL = "-Onone";
			};
			name = Debug;
		};
		4A60F72529D7367A00DEE86F /* Release */ = {
			isa = XCBuildConfiguration;
			buildSettings = {
				ALWAYS_SEARCH_USER_PATHS = NO;
				CLANG_ANALYZER_NONNULL = YES;
				CLANG_ANALYZER_NUMBER_OBJECT_CONVERSION = YES_AGGRESSIVE;
				CLANG_CXX_LANGUAGE_STANDARD = "gnu++20";
				CLANG_ENABLE_MODULES = YES;
				CLANG_ENABLE_OBJC_ARC = YES;
				CLANG_ENABLE_OBJC_WEAK = YES;
				CLANG_WARN_BLOCK_CAPTURE_AUTORELEASING = YES;
				CLANG_WARN_BOOL_CONVERSION = YES;
				CLANG_WARN_COMMA = YES;
				CLANG_WARN_CONSTANT_CONVERSION = YES;
				CLANG_WARN_DEPRECATED_OBJC_IMPLEMENTATIONS = YES;
				CLANG_WARN_DIRECT_OBJC_ISA_USAGE = YES_ERROR;
				CLANG_WARN_DOCUMENTATION_COMMENTS = YES;
				CLANG_WARN_EMPTY_BODY = YES;
				CLANG_WARN_ENUM_CONVERSION = YES;
				CLANG_WARN_INFINITE_RECURSION = YES;
				CLANG_WARN_INT_CONVERSION = YES;
				CLANG_WARN_NON_LITERAL_NULL_CONVERSION = YES;
				CLANG_WARN_OBJC_IMPLICIT_RETAIN_SELF = YES;
				CLANG_WARN_OBJC_LITERAL_CONVERSION = YES;
				CLANG_WARN_OBJC_ROOT_CLASS = YES_ERROR;
				CLANG_WARN_QUOTED_INCLUDE_IN_FRAMEWORK_HEADER = YES;
				CLANG_WARN_RANGE_LOOP_ANALYSIS = YES;
				CLANG_WARN_STRICT_PROTOTYPES = YES;
				CLANG_WARN_SUSPICIOUS_MOVE = YES;
				CLANG_WARN_UNGUARDED_AVAILABILITY = YES_AGGRESSIVE;
				CLANG_WARN_UNREACHABLE_CODE = YES;
				CLANG_WARN__DUPLICATE_METHOD_MATCH = YES;
				COPY_PHASE_STRIP = NO;
				DEBUG_INFORMATION_FORMAT = "dwarf-with-dsym";
				ENABLE_NS_ASSERTIONS = NO;
				ENABLE_STRICT_OBJC_MSGSEND = YES;
				GCC_C_LANGUAGE_STANDARD = gnu11;
				GCC_NO_COMMON_BLOCKS = YES;
				GCC_WARN_64_TO_32_BIT_CONVERSION = YES;
				GCC_WARN_ABOUT_RETURN_TYPE = YES_ERROR;
				GCC_WARN_UNDECLARED_SELECTOR = YES;
				GCC_WARN_UNINITIALIZED_AUTOS = YES_AGGRESSIVE;
				GCC_WARN_UNUSED_FUNCTION = YES;
				GCC_WARN_UNUSED_VARIABLE = YES;
				IPHONEOS_DEPLOYMENT_TARGET = 16.4;
				MTL_ENABLE_DEBUG_INFO = NO;
				MTL_FAST_MATH = YES;
				SDKROOT = iphoneos;
				SWIFT_COMPILATION_MODE = wholemodule;
				SWIFT_OPTIMIZATION_LEVEL = "-O";
				VALIDATE_PRODUCT = YES;
			};
			name = Release;
		};
		4A60F72729D7367A00DEE86F /* Debug */ = {
			isa = XCBuildConfiguration;
			buildSettings = {
				ASSETCATALOG_COMPILER_APPICON_NAME = ExpAppIcon;
				ASSETCATALOG_COMPILER_GLOBAL_ACCENT_COLOR_NAME = AccentColor;
				ASSETCATALOG_COMPILER_INCLUDE_ALL_APPICON_ASSETS = NO;
				CODE_SIGN_STYLE = Automatic;
				CURRENT_PROJECT_VERSION = E042A;
				DEVELOPMENT_ASSET_PATHS = "\"TogetHomeExperiment/Preview Content\"";
				DEVELOPMENT_TEAM = VEL246Z47F;
				ENABLE_PREVIEWS = YES;
				GENERATE_INFOPLIST_FILE = YES;
				INFOPLIST_FILE = TogetHomeExperiment/Info.plist;
				INFOPLIST_KEY_CFBundleDisplayName = "Toget Home E";
				INFOPLIST_KEY_LSApplicationCategoryType = "public.app-category.utilities";
				INFOPLIST_KEY_UIApplicationSceneManifest_Generation = YES;
				INFOPLIST_KEY_UIApplicationSupportsIndirectInputEvents = YES;
				INFOPLIST_KEY_UILaunchScreen_Generation = YES;
				INFOPLIST_KEY_UIRequiresFullScreen = YES;
				INFOPLIST_KEY_UISupportedInterfaceOrientations = UIInterfaceOrientationPortrait;
				IPHONEOS_DEPLOYMENT_TARGET = 16.4;
				LD_RUNPATH_SEARCH_PATHS = (
					"$(inherited)",
					"@executable_path/Frameworks",
				);
				MARKETING_VERSION = 1.0;
				PRODUCT_BUNDLE_IDENTIFIER = net.itdice.TogetHomeExperiment;
				PRODUCT_NAME = "$(TARGET_NAME)";
				SWIFT_EMIT_LOC_STRINGS = YES;
				SWIFT_VERSION = 5.0;
				TARGETED_DEVICE_FAMILY = "1,2";
			};
			name = Debug;
		};
		4A60F72829D7367A00DEE86F /* Release */ = {
			isa = XCBuildConfiguration;
			buildSettings = {
				ASSETCATALOG_COMPILER_APPICON_NAME = ExpAppIcon;
				ASSETCATALOG_COMPILER_GLOBAL_ACCENT_COLOR_NAME = AccentColor;
				ASSETCATALOG_COMPILER_INCLUDE_ALL_APPICON_ASSETS = NO;
				CODE_SIGN_STYLE = Automatic;
				CURRENT_PROJECT_VERSION = E042A;
				DEVELOPMENT_ASSET_PATHS = "\"TogetHomeExperiment/Preview Content\"";
				DEVELOPMENT_TEAM = VEL246Z47F;
				ENABLE_PREVIEWS = YES;
				GENERATE_INFOPLIST_FILE = YES;
				INFOPLIST_FILE = TogetHomeExperiment/Info.plist;
				INFOPLIST_KEY_CFBundleDisplayName = "Toget Home E";
				INFOPLIST_KEY_LSApplicationCategoryType = "public.app-category.utilities";
				INFOPLIST_KEY_UIApplicationSceneManifest_Generation = YES;
				INFOPLIST_KEY_UIApplicationSupportsIndirectInputEvents = YES;
				INFOPLIST_KEY_UILaunchScreen_Generation = YES;
				INFOPLIST_KEY_UIRequiresFullScreen = YES;
				INFOPLIST_KEY_UISupportedInterfaceOrientations = UIInterfaceOrientationPortrait;
				IPHONEOS_DEPLOYMENT_TARGET = 16.4;
				LD_RUNPATH_SEARCH_PATHS = (
					"$(inherited)",
					"@executable_path/Frameworks",
				);
				MARKETING_VERSION = 1.0;
				PRODUCT_BUNDLE_IDENTIFIER = net.itdice.TogetHomeExperiment;
				PRODUCT_NAME = "$(TARGET_NAME)";
				SWIFT_EMIT_LOC_STRINGS = YES;
				SWIFT_VERSION = 5.0;
				TARGETED_DEVICE_FAMILY = "1,2";
			};
			name = Release;
		};
/* End XCBuildConfiguration section */

/* Begin XCConfigurationList section */
		4A60F71329D7367900DEE86F /* Build configuration list for PBXProject "TogetHomeExperiment" */ = {
			isa = XCConfigurationList;
			buildConfigurations = (
				4A60F72429D7367A00DEE86F /* Debug */,
				4A60F72529D7367A00DEE86F /* Release */,
			);
			defaultConfigurationIsVisible = 0;
			defaultConfigurationName = Release;
		};
		4A60F72629D7367A00DEE86F /* Build configuration list for PBXNativeTarget "TogetHomeExperiment" */ = {
			isa = XCConfigurationList;
			buildConfigurations = (
				4A60F72729D7367A00DEE86F /* Debug */,
				4A60F72829D7367A00DEE86F /* Release */,
			);
			defaultConfigurationIsVisible = 0;
			defaultConfigurationName = Release;
		};
/* End XCConfigurationList section */
	};
	rootObject = 4A60F71029D7367900DEE86F /* Project object */;
}
